
Microsoft Visual Studio Solution File, Format Version 12.00
# Visual Studio 15
VisualStudioVersion = 15.0.27004.2005
MinimumVisualStudioVersion = 10.0.40219.1
Project("{9A19103F-16F7-4668-BE54-9A1E7A4F7556}") = "WeddingPlanner.Web", "WeddingPlanner.Web\WeddingPlanner.Web.csproj", "{6CF842D4-8772-4CDE-A27F-16C1A1C634C5}"
EndProject
Project("{9A19103F-16F7-4668-BE54-9A1E7A4F7556}") = "WeddingPlanner.Services", "WeddingPlanner.Service\WeddingPlanner.Services.csproj", "{B0F79EC9-A6B4-4AC9-910B-36A78EC3BC93}"
EndProject
Project("{9A19103F-16F7-4668-BE54-9A1E7A4F7556}") = "WeddingPlanner.DataAccess", "WeddingPlanner.DataAccess\WeddingPlanner.DataAccess.csproj", "{95CCD373-F667-4F0F-9AA8-1606578DC1CD}"
EndProject
Global
	GlobalSection(SolutionConfigurationPlatforms) = preSolution
		Debug|Any CPU = Debug|Any CPU
		Release|Any CPU = Release|Any CPU
	EndGlobalSection
	GlobalSection(ProjectConfigurationPlatforms) = postSolution
		{6CF842D4-8772-4CDE-A27F-16C1A1C634C5}.Debug|Any CPU.ActiveCfg = Debug|Any CPU
		{6CF842D4-8772-4CDE-A27F-16C1A1C634C5}.Debug|Any CPU.Build.0 = Debug|Any CPU
		{6CF842D4-8772-4CDE-A27F-16C1A1C634C5}.Release|Any CPU.ActiveCfg = Release|Any CPU
		{6CF842D4-8772-4CDE-A27F-16C1A1C634C5}.Release|Any CPU.Build.0 = Release|Any CPU
		{B0F79EC9-A6B4-4AC9-910B-36A78EC3BC93}.Debug|Any CPU.ActiveCfg = Debug|Any CPU
		{B0F79EC9-A6B4-4AC9-910B-36A78EC3BC93}.Debug|Any CPU.Build.0 = Debug|Any CPU
		{B0F79EC9-A6B4-4AC9-910B-36A78EC3BC93}.Release|Any CPU.ActiveCfg = Release|Any CPU
		{B0F79EC9-A6B4-4AC9-910B-36A78EC3BC93}.Release|Any CPU.Build.0 = Release|Any CPU
		{95CCD373-F667-4F0F-9AA8-1606578DC1CD}.Debug|Any CPU.ActiveCfg = Debug|Any CPU
		{95CCD373-F667-4F0F-9AA8-1606578DC1CD}.Debug|Any CPU.Build.0 = Debug|Any CPU
		{95CCD373-F667-4F0F-9AA8-1606578DC1CD}.Release|Any CPU.ActiveCfg = Release|Any CPU
		{95CCD373-F667-4F0F-9AA8-1606578DC1CD}.Release|Any CPU.Build.0 = Release|Any CPU
	EndGlobalSection
	GlobalSection(SolutionProperties) = preSolution
		HideSolutionNode = FALSE
	EndGlobalSection
	GlobalSection(ExtensibilityGlobals) = postSolution
		SolutionGuid = {DF3585DC-4DD2-4563-AD98-FD874CF076F6}
	EndGlobalSection
EndGlobal
