
Microsoft Visual Studio Solution File, Format Version 12.00
# Visual Studio 15
VisualStudioVersion = 15.0.27004.2005
MinimumVisualStudioVersion = 10.0.40219.1
Project("{9A19103F-16F7-4668-BE54-9A1E7A4F7556}") = "WeddingPlanner.Api", "WeddingPlanner.Api\WeddingPlanner.Api.csproj", "{6CF842D4-8772-4CDE-A27F-16C1A1C634C5}"
EndProject
Global
	GlobalSection(SolutionConfigurationPlatforms) = preSolution
		Debug|Any CPU = Debug|Any CPU
		Release|Any CPU = Release|Any CPU
	EndGlobalSection
	GlobalSection(ProjectConfigurationPlatforms) = postSolution
		{6CF842D4-8772-4CDE-A27F-16C1A1C634C5}.Debug|Any CPU.ActiveCfg = Debug|Any CPU
		{6CF842D4-8772-4CDE-A27F-16C1A1C634C5}.Debug|Any CPU.Build.0 = Debug|Any CPU
		{6CF842D4-8772-4CDE-A27F-16C1A1C634C5}.Release|Any CPU.ActiveCfg = Release|Any CPU
		{6CF842D4-8772-4CDE-A27F-16C1A1C634C5}.Release|Any CPU.Build.0 = Release|Any CPU
	EndGlobalSection
	GlobalSection(SolutionProperties) = preSolution
		HideSolutionNode = FALSE
	EndGlobalSection
	GlobalSection(ExtensibilityGlobals) = postSolution
		SolutionGuid = {DF3585DC-4DD2-4563-AD98-FD874CF076F6}
	EndGlobalSection
EndGlobal
